
Microsoft Visual Studio Solution File, Format Version 12.00
# Visual Studio 2013
VisualStudioVersion = 12.0.21005.1
MinimumVisualStudioVersion = 10.0.40219.1
Project("{FAE04EC0-301F-11D3-BF4B-00C04F79EFBC}") = "arithmetic_Operation", "arithmetic_Operation\arithmetic_Operation.csproj", "{F4946A76-91BC-4979-BC59-616711C52B9E}"
EndProject
Project("{FAE04EC0-301F-11D3-BF4B-00C04F79EFBC}") = "test_Arithmetic", "test_Arithmetic\test_Arithmetic.csproj", "{C09684EB-8E25-457C-BEC3-3E486ED80BB7}"
EndProject
Project("{FAE04EC0-301F-11D3-BF4B-00C04F79EFBC}") = "test", "test\test.csproj", "{48C65E4D-60BD-45DD-BB14-A5558788EFC4}"
EndProject
Global
	GlobalSection(SolutionConfigurationPlatforms) = preSolution
		Debug|Any CPU = Debug|Any CPU
		Release|Any CPU = Release|Any CPU
	EndGlobalSection
	GlobalSection(ProjectConfigurationPlatforms) = postSolution
		{F4946A76-91BC-4979-BC59-616711C52B9E}.Debug|Any CPU.ActiveCfg = Debug|Any CPU
		{F4946A76-91BC-4979-BC59-616711C52B9E}.Debug|Any CPU.Build.0 = Debug|Any CPU
		{F4946A76-91BC-4979-BC59-616711C52B9E}.Release|Any CPU.ActiveCfg = Release|Any CPU
		{F4946A76-91BC-4979-BC59-616711C52B9E}.Release|Any CPU.Build.0 = Release|Any CPU
		{C09684EB-8E25-457C-BEC3-3E486ED80BB7}.Debug|Any CPU.ActiveCfg = Debug|Any CPU
		{C09684EB-8E25-457C-BEC3-3E486ED80BB7}.Debug|Any CPU.Build.0 = Debug|Any CPU
		{C09684EB-8E25-457C-BEC3-3E486ED80BB7}.Release|Any CPU.ActiveCfg = Release|Any CPU
		{C09684EB-8E25-457C-BEC3-3E486ED80BB7}.Release|Any CPU.Build.0 = Release|Any CPU
		{48C65E4D-60BD-45DD-BB14-A5558788EFC4}.Debug|Any CPU.ActiveCfg = Debug|Any CPU
		{48C65E4D-60BD-45DD-BB14-A5558788EFC4}.Debug|Any CPU.Build.0 = Debug|Any CPU
		{48C65E4D-60BD-45DD-BB14-A5558788EFC4}.Release|Any CPU.ActiveCfg = Release|Any CPU
		{48C65E4D-60BD-45DD-BB14-A5558788EFC4}.Release|Any CPU.Build.0 = Release|Any CPU
	EndGlobalSection
	GlobalSection(SolutionProperties) = preSolution
		HideSolutionNode = FALSE
	EndGlobalSection
EndGlobal
